{
  "pins" : [
    {
      "identity" : "executorch",
      "kind" : "remoteSourceControl",
      "location" : "https://github.com/pytorch/executorch.git",
      "state" : {
        "branch" : "swiftpm-1.0.1",
        "revision" : "c2a9829a239eda7061e7ce02aaa49ae14488d23b"
      }
    }
  ],
  "version" : 2
}
